
Microsoft Visual Studio Solution File, Format Version 12.00
# Visual Studio Version 17
VisualStudioVersion = 17.11.35312.102
MinimumVisualStudioVersion = 10.0.40219.1
Project("{2150E333-8FDC-42A3-9474-1A3956D46DE8}") = "Task0", "Task0", "{B184FB77-210B-4CE1-8AFC-CA871F6FF574}"
EndProject
Project("{9A19103F-16F7-4668-BE54-9A1E7A4F7556}") = "Tyuiu.AlshinAF.Sprint4.Task0.V25.Lib", "Tyuiu.AlshinAF.Sprint4.Task0.V25.Lib\Tyuiu.AlshinAF.Sprint4.Task0.V25.Lib.csproj", "{2D9A1951-6C4C-43BA-86D2-F4716A21B7F3}"
EndProject
Project("{9A19103F-16F7-4668-BE54-9A1E7A4F7556}") = "Tyuiu.AlshinAF.Sprint4.Task0.V25.Test", "Tyuiu.AlshinAF.Sprint4.Task0.V25.Test\Tyuiu.AlshinAF.Sprint4.Task0.V25.Test.csproj", "{8F978D05-C758-4699-8CC0-D38A570F0CE4}"
EndProject
Project("{9A19103F-16F7-4668-BE54-9A1E7A4F7556}") = "Tyuiu.AlshinAF.Sprint4.Task0.V25", "Tyuiu.AlshinAF.Sprint4.Task0.V25\Tyuiu.AlshinAF.Sprint4.Task0.V25.csproj", "{99A33509-58AC-4419-86C5-DFAA608DFC99}"
EndProject
Project("{2150E333-8FDC-42A3-9474-1A3956D46DE8}") = "Task1", "Task1", "{99EB9A72-EE00-4D9E-B8AF-75AAB5F29570}"
EndProject
Project("{9A19103F-16F7-4668-BE54-9A1E7A4F7556}") = "Tyuiu.AlshinAF.Sprint4.Task1.V11", "Tyuiu.AlshinAF.Sprint4.Task1.V11\Tyuiu.AlshinAF.Sprint4.Task1.V11.csproj", "{DAD4FF1E-D735-424A-8303-9279B6F78EF0}"
EndProject
Project("{9A19103F-16F7-4668-BE54-9A1E7A4F7556}") = "Tyuiu.AlshinAF.Sprint4.Task1.V11.Test", "Tyuiu.AlshinAF.Sprint4.Task1.V11.Test\Tyuiu.AlshinAF.Sprint4.Task1.V11.Test.csproj", "{08211B7F-0F14-4F3B-9BBF-5A1112623577}"
EndProject
Project("{9A19103F-16F7-4668-BE54-9A1E7A4F7556}") = "Tyuiu.AlshinAF.Sprint4.Task1.V11.Lib", "Tyuiu.AlshinAF.Sprint4.Task1.V11.Lib\Tyuiu.AlshinAF.Sprint4.Task1.V11.Lib.csproj", "{1F983DA4-0D7B-4693-AB3E-73ECAE504F2A}"
EndProject
Project("{2150E333-8FDC-42A3-9474-1A3956D46DE8}") = "Task2", "Task2", "{091D982F-D2F3-425B-BB88-A577DF4E77D8}"
EndProject
Project("{9A19103F-16F7-4668-BE54-9A1E7A4F7556}") = "Tyuiu.AlshinAF.Sprint4.Task2.V26.Lib", "Tyuiu.AlshinAF.Sprint4.Task2.V26.Lib\Tyuiu.AlshinAF.Sprint4.Task2.V26.Lib.csproj", "{9D924E50-D80C-4E74-9C7C-8634A636C267}"
EndProject
Project("{9A19103F-16F7-4668-BE54-9A1E7A4F7556}") = "Tyuiu.AlshinAF.Sprint4.Task2.V26", "Tyuiu.AlshinAF.Sprint4.Task2.V26\Tyuiu.AlshinAF.Sprint4.Task2.V26.csproj", "{25AEB39E-57B3-4501-A7AB-CC86B0667DBA}"
EndProject
Project("{9A19103F-16F7-4668-BE54-9A1E7A4F7556}") = "Tyuiu.AlshinAF.Sprint4.Task2.V26.Test", "Tyuiu.AlshinAF.Sprint4.Task2.V26.Test\Tyuiu.AlshinAF.Sprint4.Task2.V26.Test.csproj", "{B7C6FE40-2B7F-4D9B-A74D-F43E1A6E369C}"
EndProject
Project("{2150E333-8FDC-42A3-9474-1A3956D46DE8}") = "Task3", "Task3", "{8D076434-1693-44A2-9515-C741B7670488}"
EndProject
Project("{9A19103F-16F7-4668-BE54-9A1E7A4F7556}") = "Tyuiu.AlshinAF.Sprint4.Task3.V27.Test", "Tyuiu.AlshinAF.Sprint4.Task3.V27.Test\Tyuiu.AlshinAF.Sprint4.Task3.V27.Test.csproj", "{51A816DD-0EB2-4784-BFD5-85E882F55992}"
EndProject
Project("{9A19103F-16F7-4668-BE54-9A1E7A4F7556}") = "Tyuiu.AlshinAF.Sprint4.Task3.V27", "Tyuiu.AlshinAF.Sprint4.Task3.V27\Tyuiu.AlshinAF.Sprint4.Task3.V27.csproj", "{A00ED139-A358-440A-8BA5-12B03783D9B9}"
EndProject
Project("{9A19103F-16F7-4668-BE54-9A1E7A4F7556}") = "Tyuiu.AlshinAF.Sprint4.Task3.V27.Lib", "Tyuiu.AlshinAF.Sprint4.Task3.V27.Lib\Tyuiu.AlshinAF.Sprint4.Task3.V27.Lib.csproj", "{87E1D060-161F-4332-80D5-741649929A8E}"
EndProject
Project("{2150E333-8FDC-42A3-9474-1A3956D46DE8}") = "Task4", "Task4", "{2909EB4D-FFB1-40A6-84D1-9B028473DAE6}"
EndProject
Project("{FAE04EC0-301F-11D3-BF4B-00C04F79EFBC}") = "Tyuiu.AlshinAF.Sprint4.Task4.V3.Lib", "Tyuiu.AlshinAF.Sprint4.Task4.V3.Lib\Tyuiu.AlshinAF.Sprint4.Task4.V3.Lib.csproj", "{1A96A6FD-FAA0-4C23-B255-59ECA75FA53E}"
EndProject
Project("{FAE04EC0-301F-11D3-BF4B-00C04F79EFBC}") = "Tyuiu.AlshinAF.Sprint4.Task4.V3", "Tyuiu.AlshinAF.Sprint4.Task4.V3\Tyuiu.AlshinAF.Sprint4.Task4.V3.csproj", "{0AEAF3F9-7A08-49B0-BA23-F6AB97A8A7F9}"
EndProject
Project("{FAE04EC0-301F-11D3-BF4B-00C04F79EFBC}") = "Tyuiu.AlshinAF.Sprint4.Task4.V3.Test", "Tyuiu.AlshinAF.Sprint4.Task4.V3.Test\Tyuiu.AlshinAF.Sprint4.Task4.V3.Test.csproj", "{347CDCD1-BC91-4ACE-B3D3-9D3F58BFFCE3}"
EndProject
Global
	GlobalSection(SolutionConfigurationPlatforms) = preSolution
		Debug|Any CPU = Debug|Any CPU
		Release|Any CPU = Release|Any CPU
	EndGlobalSection
	GlobalSection(ProjectConfigurationPlatforms) = postSolution
		{2D9A1951-6C4C-43BA-86D2-F4716A21B7F3}.Debug|Any CPU.ActiveCfg = Debug|Any CPU
		{2D9A1951-6C4C-43BA-86D2-F4716A21B7F3}.Debug|Any CPU.Build.0 = Debug|Any CPU
		{2D9A1951-6C4C-43BA-86D2-F4716A21B7F3}.Release|Any CPU.ActiveCfg = Release|Any CPU
		{2D9A1951-6C4C-43BA-86D2-F4716A21B7F3}.Release|Any CPU.Build.0 = Release|Any CPU
		{8F978D05-C758-4699-8CC0-D38A570F0CE4}.Debug|Any CPU.ActiveCfg = Debug|Any CPU
		{8F978D05-C758-4699-8CC0-D38A570F0CE4}.Debug|Any CPU.Build.0 = Debug|Any CPU
		{8F978D05-C758-4699-8CC0-D38A570F0CE4}.Release|Any CPU.ActiveCfg = Release|Any CPU
		{8F978D05-C758-4699-8CC0-D38A570F0CE4}.Release|Any CPU.Build.0 = Release|Any CPU
		{99A33509-58AC-4419-86C5-DFAA608DFC99}.Debug|Any CPU.ActiveCfg = Debug|Any CPU
		{99A33509-58AC-4419-86C5-DFAA608DFC99}.Debug|Any CPU.Build.0 = Debug|Any CPU
		{99A33509-58AC-4419-86C5-DFAA608DFC99}.Release|Any CPU.ActiveCfg = Release|Any CPU
		{99A33509-58AC-4419-86C5-DFAA608DFC99}.Release|Any CPU.Build.0 = Release|Any CPU
		{DAD4FF1E-D735-424A-8303-9279B6F78EF0}.Debug|Any CPU.ActiveCfg = Debug|Any CPU
		{DAD4FF1E-D735-424A-8303-9279B6F78EF0}.Debug|Any CPU.Build.0 = Debug|Any CPU
		{DAD4FF1E-D735-424A-8303-9279B6F78EF0}.Release|Any CPU.ActiveCfg = Release|Any CPU
		{DAD4FF1E-D735-424A-8303-9279B6F78EF0}.Release|Any CPU.Build.0 = Release|Any CPU
		{08211B7F-0F14-4F3B-9BBF-5A1112623577}.Debug|Any CPU.ActiveCfg = Debug|Any CPU
		{08211B7F-0F14-4F3B-9BBF-5A1112623577}.Debug|Any CPU.Build.0 = Debug|Any CPU
		{08211B7F-0F14-4F3B-9BBF-5A1112623577}.Release|Any CPU.ActiveCfg = Release|Any CPU
		{08211B7F-0F14-4F3B-9BBF-5A1112623577}.Release|Any CPU.Build.0 = Release|Any CPU
		{1F983DA4-0D7B-4693-AB3E-73ECAE504F2A}.Debug|Any CPU.ActiveCfg = Debug|Any CPU
		{1F983DA4-0D7B-4693-AB3E-73ECAE504F2A}.Debug|Any CPU.Build.0 = Debug|Any CPU
		{1F983DA4-0D7B-4693-AB3E-73ECAE504F2A}.Release|Any CPU.ActiveCfg = Release|Any CPU
		{1F983DA4-0D7B-4693-AB3E-73ECAE504F2A}.Release|Any CPU.Build.0 = Release|Any CPU
		{9D924E50-D80C-4E74-9C7C-8634A636C267}.Debug|Any CPU.ActiveCfg = Debug|Any CPU
		{9D924E50-D80C-4E74-9C7C-8634A636C267}.Debug|Any CPU.Build.0 = Debug|Any CPU
		{9D924E50-D80C-4E74-9C7C-8634A636C267}.Release|Any CPU.ActiveCfg = Release|Any CPU
		{9D924E50-D80C-4E74-9C7C-8634A636C267}.Release|Any CPU.Build.0 = Release|Any CPU
		{25AEB39E-57B3-4501-A7AB-CC86B0667DBA}.Debug|Any CPU.ActiveCfg = Debug|Any CPU
		{25AEB39E-57B3-4501-A7AB-CC86B0667DBA}.Debug|Any CPU.Build.0 = Debug|Any CPU
		{25AEB39E-57B3-4501-A7AB-CC86B0667DBA}.Release|Any CPU.ActiveCfg = Release|Any CPU
		{25AEB39E-57B3-4501-A7AB-CC86B0667DBA}.Release|Any CPU.Build.0 = Release|Any CPU
		{B7C6FE40-2B7F-4D9B-A74D-F43E1A6E369C}.Debug|Any CPU.ActiveCfg = Debug|Any CPU
		{B7C6FE40-2B7F-4D9B-A74D-F43E1A6E369C}.Debug|Any CPU.Build.0 = Debug|Any CPU
		{B7C6FE40-2B7F-4D9B-A74D-F43E1A6E369C}.Release|Any CPU.ActiveCfg = Release|Any CPU
		{B7C6FE40-2B7F-4D9B-A74D-F43E1A6E369C}.Release|Any CPU.Build.0 = Release|Any CPU
		{51A816DD-0EB2-4784-BFD5-85E882F55992}.Debug|Any CPU.ActiveCfg = Debug|Any CPU
		{51A816DD-0EB2-4784-BFD5-85E882F55992}.Debug|Any CPU.Build.0 = Debug|Any CPU
		{51A816DD-0EB2-4784-BFD5-85E882F55992}.Release|Any CPU.ActiveCfg = Release|Any CPU
		{51A816DD-0EB2-4784-BFD5-85E882F55992}.Release|Any CPU.Build.0 = Release|Any CPU
		{A00ED139-A358-440A-8BA5-12B03783D9B9}.Debug|Any CPU.ActiveCfg = Debug|Any CPU
		{A00ED139-A358-440A-8BA5-12B03783D9B9}.Debug|Any CPU.Build.0 = Debug|Any CPU
		{A00ED139-A358-440A-8BA5-12B03783D9B9}.Release|Any CPU.ActiveCfg = Release|Any CPU
		{A00ED139-A358-440A-8BA5-12B03783D9B9}.Release|Any CPU.Build.0 = Release|Any CPU
		{87E1D060-161F-4332-80D5-741649929A8E}.Debug|Any CPU.ActiveCfg = Debug|Any CPU
		{87E1D060-161F-4332-80D5-741649929A8E}.Debug|Any CPU.Build.0 = Debug|Any CPU
		{87E1D060-161F-4332-80D5-741649929A8E}.Release|Any CPU.ActiveCfg = Release|Any CPU
		{87E1D060-161F-4332-80D5-741649929A8E}.Release|Any CPU.Build.0 = Release|Any CPU
		{1A96A6FD-FAA0-4C23-B255-59ECA75FA53E}.Debug|Any CPU.ActiveCfg = Debug|Any CPU
		{1A96A6FD-FAA0-4C23-B255-59ECA75FA53E}.Debug|Any CPU.Build.0 = Debug|Any CPU
		{1A96A6FD-FAA0-4C23-B255-59ECA75FA53E}.Release|Any CPU.ActiveCfg = Release|Any CPU
		{1A96A6FD-FAA0-4C23-B255-59ECA75FA53E}.Release|Any CPU.Build.0 = Release|Any CPU
		{0AEAF3F9-7A08-49B0-BA23-F6AB97A8A7F9}.Debug|Any CPU.ActiveCfg = Debug|Any CPU
		{0AEAF3F9-7A08-49B0-BA23-F6AB97A8A7F9}.Debug|Any CPU.Build.0 = Debug|Any CPU
		{0AEAF3F9-7A08-49B0-BA23-F6AB97A8A7F9}.Release|Any CPU.ActiveCfg = Release|Any CPU
		{0AEAF3F9-7A08-49B0-BA23-F6AB97A8A7F9}.Release|Any CPU.Build.0 = Release|Any CPU
		{347CDCD1-BC91-4ACE-B3D3-9D3F58BFFCE3}.Debug|Any CPU.ActiveCfg = Debug|Any CPU
		{347CDCD1-BC91-4ACE-B3D3-9D3F58BFFCE3}.Debug|Any CPU.Build.0 = Debug|Any CPU
		{347CDCD1-BC91-4ACE-B3D3-9D3F58BFFCE3}.Release|Any CPU.ActiveCfg = Release|Any CPU
		{347CDCD1-BC91-4ACE-B3D3-9D3F58BFFCE3}.Release|Any CPU.Build.0 = Release|Any CPU
	EndGlobalSection
	GlobalSection(SolutionProperties) = preSolution
		HideSolutionNode = FALSE
	EndGlobalSection
	GlobalSection(NestedProjects) = preSolution
		{2D9A1951-6C4C-43BA-86D2-F4716A21B7F3} = {B184FB77-210B-4CE1-8AFC-CA871F6FF574}
		{8F978D05-C758-4699-8CC0-D38A570F0CE4} = {B184FB77-210B-4CE1-8AFC-CA871F6FF574}
		{99A33509-58AC-4419-86C5-DFAA608DFC99} = {B184FB77-210B-4CE1-8AFC-CA871F6FF574}
		{DAD4FF1E-D735-424A-8303-9279B6F78EF0} = {99EB9A72-EE00-4D9E-B8AF-75AAB5F29570}
		{08211B7F-0F14-4F3B-9BBF-5A1112623577} = {99EB9A72-EE00-4D9E-B8AF-75AAB5F29570}
		{1F983DA4-0D7B-4693-AB3E-73ECAE504F2A} = {99EB9A72-EE00-4D9E-B8AF-75AAB5F29570}
		{9D924E50-D80C-4E74-9C7C-8634A636C267} = {091D982F-D2F3-425B-BB88-A577DF4E77D8}
		{25AEB39E-57B3-4501-A7AB-CC86B0667DBA} = {091D982F-D2F3-425B-BB88-A577DF4E77D8}
		{B7C6FE40-2B7F-4D9B-A74D-F43E1A6E369C} = {091D982F-D2F3-425B-BB88-A577DF4E77D8}
		{51A816DD-0EB2-4784-BFD5-85E882F55992} = {8D076434-1693-44A2-9515-C741B7670488}
		{A00ED139-A358-440A-8BA5-12B03783D9B9} = {8D076434-1693-44A2-9515-C741B7670488}
		{87E1D060-161F-4332-80D5-741649929A8E} = {8D076434-1693-44A2-9515-C741B7670488}
		{1A96A6FD-FAA0-4C23-B255-59ECA75FA53E} = {2909EB4D-FFB1-40A6-84D1-9B028473DAE6}
		{0AEAF3F9-7A08-49B0-BA23-F6AB97A8A7F9} = {2909EB4D-FFB1-40A6-84D1-9B028473DAE6}
		{347CDCD1-BC91-4ACE-B3D3-9D3F58BFFCE3} = {2909EB4D-FFB1-40A6-84D1-9B028473DAE6}
	EndGlobalSection
	GlobalSection(ExtensibilityGlobals) = postSolution
		SolutionGuid = {0D2A1081-5DB4-4CAA-84A1-097C09D47F28}
	EndGlobalSection
EndGlobal
